
Microsoft Visual Studio Solution File, Format Version 12.00
# Visual Studio 15
VisualStudioVersion = 15.0.26124.0
MinimumVisualStudioVersion = 15.0.26124.0
Project("{FAE04EC0-301F-11D3-BF4B-00C04F79EFBC}") = "Bizanc.io.Matching.Core", "Bizanc.io.Matching.Core\Bizanc.io.Matching.Core.csproj", "{8C581397-4F1D-42B7-A840-B2F8ADF31DCC}"
EndProject
Project("{FAE04EC0-301F-11D3-BF4B-00C04F79EFBC}") = "Bizanc.io.Matching.Test", "Bizanc.io.Matching.Test\Bizanc.io.Matching.Test.csproj", "{3A0D97F4-10B1-44F3-80D0-F28FC435F8CC}"
EndProject
Project("{FAE04EC0-301F-11D3-BF4B-00C04F79EFBC}") = "Bizanc.io.Matching.App", "Bizanc.io.Matching.App\Bizanc.io.Matching.App.csproj", "{71A9FAC3-1D6F-4730-AE62-2B371F68B0CD}"
EndProject
Project("{FAE04EC0-301F-11D3-BF4B-00C04F79EFBC}") = "Bizanc.io.Matching.Infra", "Bizanc.io.Matching.Infra\Bizanc.io.Matching.Infra.csproj", "{BD11CE7F-7C75-4679-8E07-43DA81199B53}"
EndProject
Project("{FAE04EC0-301F-11D3-BF4B-00C04F79EFBC}") = "Bizanc.io.Matching.Api", "Bizanc.io.Matching.Api\Bizanc.io.Matching.Api.csproj", "{8EDC3FE4-C34B-459D-A06D-04DA0EAB35AF}"
EndProject
Project("{FAE04EC0-301F-11D3-BF4B-00C04F79EFBC}") = "Bizanc.io.Matching.Oracle", "Bizanc.io.Matching.Oracle\Bizanc.io.Matching.Oracle.csproj", "{93BD4697-1027-496F-B216-DF45D0509FE6}"
EndProject
Global
	GlobalSection(SolutionConfigurationPlatforms) = preSolution
		Debug|Any CPU = Debug|Any CPU
		Debug|x64 = Debug|x64
		Debug|x86 = Debug|x86
		Release|Any CPU = Release|Any CPU
		Release|x64 = Release|x64
		Release|x86 = Release|x86
	EndGlobalSection
	GlobalSection(SolutionProperties) = preSolution
		HideSolutionNode = FALSE
	EndGlobalSection
	GlobalSection(ProjectConfigurationPlatforms) = postSolution
		{8C581397-4F1D-42B7-A840-B2F8ADF31DCC}.Debug|Any CPU.ActiveCfg = Debug|Any CPU
		{8C581397-4F1D-42B7-A840-B2F8ADF31DCC}.Debug|Any CPU.Build.0 = Debug|Any CPU
		{8C581397-4F1D-42B7-A840-B2F8ADF31DCC}.Debug|x64.ActiveCfg = Debug|x64
		{8C581397-4F1D-42B7-A840-B2F8ADF31DCC}.Debug|x64.Build.0 = Debug|x64
		{8C581397-4F1D-42B7-A840-B2F8ADF31DCC}.Debug|x86.ActiveCfg = Debug|x86
		{8C581397-4F1D-42B7-A840-B2F8ADF31DCC}.Debug|x86.Build.0 = Debug|x86
		{8C581397-4F1D-42B7-A840-B2F8ADF31DCC}.Release|Any CPU.ActiveCfg = Release|Any CPU
		{8C581397-4F1D-42B7-A840-B2F8ADF31DCC}.Release|Any CPU.Build.0 = Release|Any CPU
		{8C581397-4F1D-42B7-A840-B2F8ADF31DCC}.Release|x64.ActiveCfg = Release|x64
		{8C581397-4F1D-42B7-A840-B2F8ADF31DCC}.Release|x64.Build.0 = Release|x64
		{8C581397-4F1D-42B7-A840-B2F8ADF31DCC}.Release|x86.ActiveCfg = Release|x86
		{8C581397-4F1D-42B7-A840-B2F8ADF31DCC}.Release|x86.Build.0 = Release|x86
		{3A0D97F4-10B1-44F3-80D0-F28FC435F8CC}.Debug|Any CPU.ActiveCfg = Debug|Any CPU
		{3A0D97F4-10B1-44F3-80D0-F28FC435F8CC}.Debug|Any CPU.Build.0 = Debug|Any CPU
		{3A0D97F4-10B1-44F3-80D0-F28FC435F8CC}.Debug|x64.ActiveCfg = Debug|x64
		{3A0D97F4-10B1-44F3-80D0-F28FC435F8CC}.Debug|x64.Build.0 = Debug|x64
		{3A0D97F4-10B1-44F3-80D0-F28FC435F8CC}.Debug|x86.ActiveCfg = Debug|x86
		{3A0D97F4-10B1-44F3-80D0-F28FC435F8CC}.Debug|x86.Build.0 = Debug|x86
		{3A0D97F4-10B1-44F3-80D0-F28FC435F8CC}.Release|Any CPU.ActiveCfg = Release|Any CPU
		{3A0D97F4-10B1-44F3-80D0-F28FC435F8CC}.Release|Any CPU.Build.0 = Release|Any CPU
		{3A0D97F4-10B1-44F3-80D0-F28FC435F8CC}.Release|x64.ActiveCfg = Release|x64
		{3A0D97F4-10B1-44F3-80D0-F28FC435F8CC}.Release|x64.Build.0 = Release|x64
		{3A0D97F4-10B1-44F3-80D0-F28FC435F8CC}.Release|x86.ActiveCfg = Release|x86
		{3A0D97F4-10B1-44F3-80D0-F28FC435F8CC}.Release|x86.Build.0 = Release|x86
		{71A9FAC3-1D6F-4730-AE62-2B371F68B0CD}.Debug|Any CPU.ActiveCfg = Debug|Any CPU
		{71A9FAC3-1D6F-4730-AE62-2B371F68B0CD}.Debug|Any CPU.Build.0 = Debug|Any CPU
		{71A9FAC3-1D6F-4730-AE62-2B371F68B0CD}.Debug|x64.ActiveCfg = Debug|x64
		{71A9FAC3-1D6F-4730-AE62-2B371F68B0CD}.Debug|x64.Build.0 = Debug|x64
		{71A9FAC3-1D6F-4730-AE62-2B371F68B0CD}.Debug|x86.ActiveCfg = Debug|x86
		{71A9FAC3-1D6F-4730-AE62-2B371F68B0CD}.Debug|x86.Build.0 = Debug|x86
		{71A9FAC3-1D6F-4730-AE62-2B371F68B0CD}.Release|Any CPU.ActiveCfg = Release|Any CPU
		{71A9FAC3-1D6F-4730-AE62-2B371F68B0CD}.Release|Any CPU.Build.0 = Release|Any CPU
		{71A9FAC3-1D6F-4730-AE62-2B371F68B0CD}.Release|x64.ActiveCfg = Release|x64
		{71A9FAC3-1D6F-4730-AE62-2B371F68B0CD}.Release|x64.Build.0 = Release|x64
		{71A9FAC3-1D6F-4730-AE62-2B371F68B0CD}.Release|x86.ActiveCfg = Release|x86
		{71A9FAC3-1D6F-4730-AE62-2B371F68B0CD}.Release|x86.Build.0 = Release|x86
		{BD11CE7F-7C75-4679-8E07-43DA81199B53}.Debug|Any CPU.ActiveCfg = Debug|Any CPU
		{BD11CE7F-7C75-4679-8E07-43DA81199B53}.Debug|Any CPU.Build.0 = Debug|Any CPU
		{BD11CE7F-7C75-4679-8E07-43DA81199B53}.Debug|x64.ActiveCfg = Debug|x64
		{BD11CE7F-7C75-4679-8E07-43DA81199B53}.Debug|x64.Build.0 = Debug|x64
		{BD11CE7F-7C75-4679-8E07-43DA81199B53}.Debug|x86.ActiveCfg = Debug|x86
		{BD11CE7F-7C75-4679-8E07-43DA81199B53}.Debug|x86.Build.0 = Debug|x86
		{BD11CE7F-7C75-4679-8E07-43DA81199B53}.Release|Any CPU.ActiveCfg = Release|Any CPU
		{BD11CE7F-7C75-4679-8E07-43DA81199B53}.Release|Any CPU.Build.0 = Release|Any CPU
		{BD11CE7F-7C75-4679-8E07-43DA81199B53}.Release|x64.ActiveCfg = Release|x64
		{BD11CE7F-7C75-4679-8E07-43DA81199B53}.Release|x64.Build.0 = Release|x64
		{BD11CE7F-7C75-4679-8E07-43DA81199B53}.Release|x86.ActiveCfg = Release|x86
		{BD11CE7F-7C75-4679-8E07-43DA81199B53}.Release|x86.Build.0 = Release|x86
		{8EDC3FE4-C34B-459D-A06D-04DA0EAB35AF}.Debug|Any CPU.ActiveCfg = Debug|Any CPU
		{8EDC3FE4-C34B-459D-A06D-04DA0EAB35AF}.Debug|Any CPU.Build.0 = Debug|Any CPU
		{8EDC3FE4-C34B-459D-A06D-04DA0EAB35AF}.Debug|x64.ActiveCfg = Debug|x64
		{8EDC3FE4-C34B-459D-A06D-04DA0EAB35AF}.Debug|x64.Build.0 = Debug|x64
		{8EDC3FE4-C34B-459D-A06D-04DA0EAB35AF}.Debug|x86.ActiveCfg = Debug|x86
		{8EDC3FE4-C34B-459D-A06D-04DA0EAB35AF}.Debug|x86.Build.0 = Debug|x86
		{8EDC3FE4-C34B-459D-A06D-04DA0EAB35AF}.Release|Any CPU.ActiveCfg = Release|Any CPU
		{8EDC3FE4-C34B-459D-A06D-04DA0EAB35AF}.Release|Any CPU.Build.0 = Release|Any CPU
		{8EDC3FE4-C34B-459D-A06D-04DA0EAB35AF}.Release|x64.ActiveCfg = Release|x64
		{8EDC3FE4-C34B-459D-A06D-04DA0EAB35AF}.Release|x64.Build.0 = Release|x64
		{8EDC3FE4-C34B-459D-A06D-04DA0EAB35AF}.Release|x86.ActiveCfg = Release|x86
		{8EDC3FE4-C34B-459D-A06D-04DA0EAB35AF}.Release|x86.Build.0 = Release|x86
		{93BD4697-1027-496F-B216-DF45D0509FE6}.Debug|Any CPU.ActiveCfg = Debug|Any CPU
		{93BD4697-1027-496F-B216-DF45D0509FE6}.Debug|Any CPU.Build.0 = Debug|Any CPU
		{93BD4697-1027-496F-B216-DF45D0509FE6}.Debug|x64.ActiveCfg = Debug|Any CPU
		{93BD4697-1027-496F-B216-DF45D0509FE6}.Debug|x64.Build.0 = Debug|Any CPU
		{93BD4697-1027-496F-B216-DF45D0509FE6}.Debug|x86.ActiveCfg = Debug|Any CPU
		{93BD4697-1027-496F-B216-DF45D0509FE6}.Debug|x86.Build.0 = Debug|Any CPU
		{93BD4697-1027-496F-B216-DF45D0509FE6}.Release|Any CPU.ActiveCfg = Release|Any CPU
		{93BD4697-1027-496F-B216-DF45D0509FE6}.Release|Any CPU.Build.0 = Release|Any CPU
		{93BD4697-1027-496F-B216-DF45D0509FE6}.Release|x64.ActiveCfg = Release|Any CPU
		{93BD4697-1027-496F-B216-DF45D0509FE6}.Release|x64.Build.0 = Release|Any CPU
		{93BD4697-1027-496F-B216-DF45D0509FE6}.Release|x86.ActiveCfg = Release|Any CPU
		{93BD4697-1027-496F-B216-DF45D0509FE6}.Release|x86.Build.0 = Release|Any CPU
	EndGlobalSection
EndGlobal
